
Microsoft Visual Studio Solution File, Format Version 12.00
Project("{FAE04EC0-301F-11D3-BF4B-00C04F79EFBC}") = "Restaurant", "Restaurant\Restaurant.csproj", "{C7860D4A-68AA-4E86-95B1-89E3CBFFCB8F}"
EndProject
Global
	GlobalSection(SolutionConfigurationPlatforms) = preSolution
		Debug|Any CPU = Debug|Any CPU
		Release|Any CPU = Release|Any CPU
	EndGlobalSection
	GlobalSection(ProjectConfigurationPlatforms) = postSolution
		{C7860D4A-68AA-4E86-95B1-89E3CBFFCB8F}.Debug|Any CPU.ActiveCfg = Debug|Any CPU
		{C7860D4A-68AA-4E86-95B1-89E3CBFFCB8F}.Debug|Any CPU.Build.0 = Debug|Any CPU
		{C7860D4A-68AA-4E86-95B1-89E3CBFFCB8F}.Release|Any CPU.ActiveCfg = Release|Any CPU
		{C7860D4A-68AA-4E86-95B1-89E3CBFFCB8F}.Release|Any CPU.Build.0 = Release|Any CPU
	EndGlobalSection
EndGlobal
